
Microsoft Visual Studio Solution File, Format Version 12.00
# Visual Studio 15
VisualStudioVersion = 15.0.28307.705
MinimumVisualStudioVersion = 10.0.40219.1
Project("{9A19103F-16F7-4668-BE54-9A1E7A4F7556}") = "TomTom.Useful.AsyncToSync", "TomTom.Useful.AsyncToSync\TomTom.Useful.AsyncToSync.csproj", "{0EB92898-B792-4EAD-B9B5-E399D284D735}"
EndProject
Project("{9A19103F-16F7-4668-BE54-9A1E7A4F7556}") = "TomTom.Useful.DataTypes", "TomTom.Useful.DataTypes\TomTom.Useful.DataTypes.csproj", "{C7706513-0A5F-41AD-8160-3739DCAB0210}"
EndProject
Project("{2150E333-8FDC-42A3-9474-1A3956D46DE8}") = "Tests", "Tests", "{38B09567-715F-47AF-B846-8F2FD2BBF3CA}"
EndProject
Project("{9A19103F-16F7-4668-BE54-9A1E7A4F7556}") = "TomTom.Useful.AsyncToSync.Tests", "TomTom.Useful.AsyncToSync.Tests\TomTom.Useful.AsyncToSync.Tests.csproj", "{05F77ECA-E61D-4A41-81AD-0C3180C1307F}"
EndProject
Project("{9A19103F-16F7-4668-BE54-9A1E7A4F7556}") = "TomTom.Useful.DataTypes.Tests", "TomTom.Useful.DataTypes.Tests\TomTom.Useful.DataTypes.Tests.csproj", "{6BE6E0BA-9678-40E0-81F7-9ADCFC5C390F}"
EndProject
Project("{FAE04EC0-301F-11D3-BF4B-00C04F79EFBC}") = "TomTom.Useful.Repositories.Abstractions", "TomTom.Useful.Repositories.Abstractions\TomTom.Useful.Repositories.Abstractions.csproj", "{18726159-6973-4B72-85AB-A9C421D2FC30}"
EndProject
Project("{FAE04EC0-301F-11D3-BF4B-00C04F79EFBC}") = "TomTom.Useful.Repositories.Mongo", "TomTom.Useful.Repositories.Mongo\TomTom.Useful.Repositories.Mongo.csproj", "{DB9D237D-3E93-4061-9B12-1BCF8473E689}"
EndProject
Project("{2150E333-8FDC-42A3-9474-1A3956D46DE8}") = "Repositories", "Repositories", "{BD8F331C-6797-49F2-914B-0CB887560EC5}"
EndProject
Project("{FAE04EC0-301F-11D3-BF4B-00C04F79EFBC}") = "TomTom.Useful.Repositories.Redis", "TomTom.Useful.Repositories.Redis\TomTom.Useful.Repositories.Redis.csproj", "{41FD7573-6B18-436E-B614-EC5FCBA7BE13}"
EndProject
Project("{2150E333-8FDC-42A3-9474-1A3956D46DE8}") = "Common", "Common", "{6FF68BC5-3A92-45B9-A5D7-FD0B396EF9A1}"
EndProject
Project("{FAE04EC0-301F-11D3-BF4B-00C04F79EFBC}") = "TomTom.Useful.ExpressionTreeExtensions", "TomTom.Useful.ExpressionTreeExtensions\TomTom.Useful.ExpressionTreeExtensions.csproj", "{DDC1CB52-267A-4582-B358-1E636C7A7BDB}"
EndProject
Project("{FAE04EC0-301F-11D3-BF4B-00C04F79EFBC}") = "TomTom.Useful.ExpressionTreeExtensions.Tests", "TomTom.Useful.ExpressionTreeExtensions.Tests\TomTom.Useful.ExpressionTreeExtensions.Tests.csproj", "{2430FAD6-556B-4E52-8602-C577177AB209}"
EndProject
Global
	GlobalSection(SolutionConfigurationPlatforms) = preSolution
		Debug|Any CPU = Debug|Any CPU
		Release|Any CPU = Release|Any CPU
	EndGlobalSection
	GlobalSection(ProjectConfigurationPlatforms) = postSolution
		{0EB92898-B792-4EAD-B9B5-E399D284D735}.Debug|Any CPU.ActiveCfg = Debug|Any CPU
		{0EB92898-B792-4EAD-B9B5-E399D284D735}.Debug|Any CPU.Build.0 = Debug|Any CPU
		{0EB92898-B792-4EAD-B9B5-E399D284D735}.Release|Any CPU.ActiveCfg = Release|Any CPU
		{0EB92898-B792-4EAD-B9B5-E399D284D735}.Release|Any CPU.Build.0 = Release|Any CPU
		{C7706513-0A5F-41AD-8160-3739DCAB0210}.Debug|Any CPU.ActiveCfg = Debug|Any CPU
		{C7706513-0A5F-41AD-8160-3739DCAB0210}.Debug|Any CPU.Build.0 = Debug|Any CPU
		{C7706513-0A5F-41AD-8160-3739DCAB0210}.Release|Any CPU.ActiveCfg = Release|Any CPU
		{C7706513-0A5F-41AD-8160-3739DCAB0210}.Release|Any CPU.Build.0 = Release|Any CPU
		{05F77ECA-E61D-4A41-81AD-0C3180C1307F}.Debug|Any CPU.ActiveCfg = Debug|Any CPU
		{05F77ECA-E61D-4A41-81AD-0C3180C1307F}.Debug|Any CPU.Build.0 = Debug|Any CPU
		{05F77ECA-E61D-4A41-81AD-0C3180C1307F}.Release|Any CPU.ActiveCfg = Release|Any CPU
		{05F77ECA-E61D-4A41-81AD-0C3180C1307F}.Release|Any CPU.Build.0 = Release|Any CPU
		{6BE6E0BA-9678-40E0-81F7-9ADCFC5C390F}.Debug|Any CPU.ActiveCfg = Debug|Any CPU
		{6BE6E0BA-9678-40E0-81F7-9ADCFC5C390F}.Debug|Any CPU.Build.0 = Debug|Any CPU
		{6BE6E0BA-9678-40E0-81F7-9ADCFC5C390F}.Release|Any CPU.ActiveCfg = Release|Any CPU
		{6BE6E0BA-9678-40E0-81F7-9ADCFC5C390F}.Release|Any CPU.Build.0 = Release|Any CPU
		{18726159-6973-4B72-85AB-A9C421D2FC30}.Debug|Any CPU.ActiveCfg = Debug|Any CPU
		{18726159-6973-4B72-85AB-A9C421D2FC30}.Debug|Any CPU.Build.0 = Debug|Any CPU
		{18726159-6973-4B72-85AB-A9C421D2FC30}.Release|Any CPU.ActiveCfg = Release|Any CPU
		{18726159-6973-4B72-85AB-A9C421D2FC30}.Release|Any CPU.Build.0 = Release|Any CPU
		{DB9D237D-3E93-4061-9B12-1BCF8473E689}.Debug|Any CPU.ActiveCfg = Debug|Any CPU
		{DB9D237D-3E93-4061-9B12-1BCF8473E689}.Debug|Any CPU.Build.0 = Debug|Any CPU
		{DB9D237D-3E93-4061-9B12-1BCF8473E689}.Release|Any CPU.ActiveCfg = Release|Any CPU
		{DB9D237D-3E93-4061-9B12-1BCF8473E689}.Release|Any CPU.Build.0 = Release|Any CPU
		{41FD7573-6B18-436E-B614-EC5FCBA7BE13}.Debug|Any CPU.ActiveCfg = Debug|Any CPU
		{41FD7573-6B18-436E-B614-EC5FCBA7BE13}.Debug|Any CPU.Build.0 = Debug|Any CPU
		{41FD7573-6B18-436E-B614-EC5FCBA7BE13}.Release|Any CPU.ActiveCfg = Release|Any CPU
		{41FD7573-6B18-436E-B614-EC5FCBA7BE13}.Release|Any CPU.Build.0 = Release|Any CPU
		{DDC1CB52-267A-4582-B358-1E636C7A7BDB}.Debug|Any CPU.ActiveCfg = Debug|Any CPU
		{DDC1CB52-267A-4582-B358-1E636C7A7BDB}.Debug|Any CPU.Build.0 = Debug|Any CPU
		{DDC1CB52-267A-4582-B358-1E636C7A7BDB}.Release|Any CPU.ActiveCfg = Release|Any CPU
		{DDC1CB52-267A-4582-B358-1E636C7A7BDB}.Release|Any CPU.Build.0 = Release|Any CPU
		{2430FAD6-556B-4E52-8602-C577177AB209}.Debug|Any CPU.ActiveCfg = Debug|Any CPU
		{2430FAD6-556B-4E52-8602-C577177AB209}.Debug|Any CPU.Build.0 = Debug|Any CPU
		{2430FAD6-556B-4E52-8602-C577177AB209}.Release|Any CPU.ActiveCfg = Release|Any CPU
		{2430FAD6-556B-4E52-8602-C577177AB209}.Release|Any CPU.Build.0 = Release|Any CPU
	EndGlobalSection
	GlobalSection(SolutionProperties) = preSolution
		HideSolutionNode = FALSE
	EndGlobalSection
	GlobalSection(NestedProjects) = preSolution
		{0EB92898-B792-4EAD-B9B5-E399D284D735} = {6FF68BC5-3A92-45B9-A5D7-FD0B396EF9A1}
		{C7706513-0A5F-41AD-8160-3739DCAB0210} = {6FF68BC5-3A92-45B9-A5D7-FD0B396EF9A1}
		{05F77ECA-E61D-4A41-81AD-0C3180C1307F} = {38B09567-715F-47AF-B846-8F2FD2BBF3CA}
		{6BE6E0BA-9678-40E0-81F7-9ADCFC5C390F} = {38B09567-715F-47AF-B846-8F2FD2BBF3CA}
		{18726159-6973-4B72-85AB-A9C421D2FC30} = {BD8F331C-6797-49F2-914B-0CB887560EC5}
		{DB9D237D-3E93-4061-9B12-1BCF8473E689} = {BD8F331C-6797-49F2-914B-0CB887560EC5}
		{41FD7573-6B18-436E-B614-EC5FCBA7BE13} = {BD8F331C-6797-49F2-914B-0CB887560EC5}
		{DDC1CB52-267A-4582-B358-1E636C7A7BDB} = {6FF68BC5-3A92-45B9-A5D7-FD0B396EF9A1}
		{2430FAD6-556B-4E52-8602-C577177AB209} = {38B09567-715F-47AF-B846-8F2FD2BBF3CA}
	EndGlobalSection
	GlobalSection(ExtensibilityGlobals) = postSolution
		SolutionGuid = {D6F75036-E577-490B-AF49-AFAE7765AE93}
	EndGlobalSection
EndGlobal
