
Microsoft Visual Studio Solution File, Format Version 12.00
# Visual Studio Version 17
VisualStudioVersion = 17.1.32104.313
MinimumVisualStudioVersion = 10.0.40219.1
Project("{9A19103F-16F7-4668-BE54-9A1E7A4F7556}") = "TomTom.Useful.AsyncToSync", "TomTom.Useful.AsyncToSync\TomTom.Useful.AsyncToSync.csproj", "{0EB92898-B792-4EAD-B9B5-E399D284D735}"
EndProject
Project("{9A19103F-16F7-4668-BE54-9A1E7A4F7556}") = "TomTom.Useful.DataTypes", "TomTom.Useful.DataTypes\TomTom.Useful.DataTypes.csproj", "{C7706513-0A5F-41AD-8160-3739DCAB0210}"
EndProject
Project("{2150E333-8FDC-42A3-9474-1A3956D46DE8}") = "Tests", "Tests", "{38B09567-715F-47AF-B846-8F2FD2BBF3CA}"
EndProject
Project("{9A19103F-16F7-4668-BE54-9A1E7A4F7556}") = "TomTom.Useful.AsyncToSync.Tests", "TomTom.Useful.AsyncToSync.Tests\TomTom.Useful.AsyncToSync.Tests.csproj", "{05F77ECA-E61D-4A41-81AD-0C3180C1307F}"
EndProject
Project("{9A19103F-16F7-4668-BE54-9A1E7A4F7556}") = "TomTom.Useful.DataTypes.Tests", "TomTom.Useful.DataTypes.Tests\TomTom.Useful.DataTypes.Tests.csproj", "{6BE6E0BA-9678-40E0-81F7-9ADCFC5C390F}"
EndProject
Project("{9A19103F-16F7-4668-BE54-9A1E7A4F7556}") = "TomTom.Useful.Repositories.Abstractions", "TomTom.Useful.Repositories.Abstractions\TomTom.Useful.Repositories.Abstractions.csproj", "{18726159-6973-4B72-85AB-A9C421D2FC30}"
EndProject
Project("{9A19103F-16F7-4668-BE54-9A1E7A4F7556}") = "TomTom.Useful.Repositories.Mongo", "TomTom.Useful.Repositories.Mongo\TomTom.Useful.Repositories.Mongo.csproj", "{DB9D237D-3E93-4061-9B12-1BCF8473E689}"
EndProject
Project("{2150E333-8FDC-42A3-9474-1A3956D46DE8}") = "Repositories", "Repositories", "{BD8F331C-6797-49F2-914B-0CB887560EC5}"
EndProject
Project("{9A19103F-16F7-4668-BE54-9A1E7A4F7556}") = "TomTom.Useful.Repositories.Redis", "TomTom.Useful.Repositories.Redis\TomTom.Useful.Repositories.Redis.csproj", "{41FD7573-6B18-436E-B614-EC5FCBA7BE13}"
EndProject
Project("{2150E333-8FDC-42A3-9474-1A3956D46DE8}") = "Common", "Common", "{6FF68BC5-3A92-45B9-A5D7-FD0B396EF9A1}"
EndProject
Project("{9A19103F-16F7-4668-BE54-9A1E7A4F7556}") = "TomTom.Useful.ExpressionTreeExtensions", "TomTom.Useful.ExpressionTreeExtensions\TomTom.Useful.ExpressionTreeExtensions.csproj", "{DDC1CB52-267A-4582-B358-1E636C7A7BDB}"
EndProject
Project("{9A19103F-16F7-4668-BE54-9A1E7A4F7556}") = "TomTom.Useful.ExpressionTreeExtensions.Tests", "TomTom.Useful.ExpressionTreeExtensions.Tests\TomTom.Useful.ExpressionTreeExtensions.Tests.csproj", "{2430FAD6-556B-4E52-8602-C577177AB209}"
EndProject
Project("{9A19103F-16F7-4668-BE54-9A1E7A4F7556}") = "TomTom.Useful.Repositories.Redis.IntegrationTests", "TomTom.Useful.Repositories.Redis.IntegrationTests\TomTom.Useful.Repositories.Redis.IntegrationTests.csproj", "{72DB6E03-563C-4A33-BFBD-40B1772251C1}"
EndProject
Project("{9A19103F-16F7-4668-BE54-9A1E7A4F7556}") = "TomTom.Useful.Serializers.Abstractions", "TomTom.Useful.Serializers.Abstractions\TomTom.Useful.Serializers.Abstractions.csproj", "{7B896745-066C-4174-968A-9643C8D45A20}"
EndProject
Project("{2150E333-8FDC-42A3-9474-1A3956D46DE8}") = "Serializers", "Serializers", "{7430205E-D03F-4F95-8834-C4566C15273B}"
EndProject
Project("{9A19103F-16F7-4668-BE54-9A1E7A4F7556}") = "TomTom.Useful.Serializers.Json", "TomTom.Useful.Serializers.Json\TomTom.Useful.Serializers.Json.csproj", "{4E662F51-30CF-4B70-B231-1469325B6184}"
EndProject
Project("{9A19103F-16F7-4668-BE54-9A1E7A4F7556}") = "TomTom.Useful.Repositories.Mongo.IntegrationTests", "TomTom.Useful.Repositories.Mongo.IntegrationTests\TomTom.Useful.Repositories.Mongo.IntegrationTests.csproj", "{C4F7FAFE-7206-413C-A7E2-001DFA7B5336}"
EndProject
Project("{2150E333-8FDC-42A3-9474-1A3956D46DE8}") = "Streaming Architecture", "Streaming Architecture", "{980EF417-1354-43EB-AFEA-08BC95224B4F}"
EndProject
Project("{9A19103F-16F7-4668-BE54-9A1E7A4F7556}") = "TomTom.Useful.Messaging", "TomTom.Messaging.Abstractions\TomTom.Useful.Messaging.csproj", "{CE7E95A6-B82B-44AA-81E4-3DB723C18B83}"
EndProject
Project("{9A19103F-16F7-4668-BE54-9A1E7A4F7556}") = "TomTom.Useful.CQRS", "TomTom.Useful.CQRS\TomTom.Useful.CQRS.csproj", "{54747C7A-6342-416D-BC97-40D7F6A39D46}"
EndProject
Project("{9A19103F-16F7-4668-BE54-9A1E7A4F7556}") = "TomTom.Useful.EventSourcing", "TomTom.Useful.EventSourcing\TomTom.Useful.EventSourcing.csproj", "{6107A0E6-DCCE-49B4-B59E-DADD49520260}"
EndProject
Project("{9A19103F-16F7-4668-BE54-9A1E7A4F7556}") = "TomTom.Useful.Messaging.InMemory", "TomTom.Useful.Messaging.InMemory\TomTom.Useful.Messaging.InMemory.csproj", "{C331FF54-4E47-4A08-AD5E-45093E0BBD27}"
EndProject
Project("{9A19103F-16F7-4668-BE54-9A1E7A4F7556}") = "TomTom.Useful.EventSourcing.UnitTests", "TomTom.Useful.EventSourcing.UnitTests\TomTom.Useful.EventSourcing.UnitTests.csproj", "{54AA0A89-46E1-40EB-A767-615F6A3CDFA9}"
EndProject
Project("{2150E333-8FDC-42A3-9474-1A3956D46DE8}") = "Solution Items", "Solution Items", "{D98ADA0F-582B-407F-8B7D-3372B439653A}"
	ProjectSection(SolutionItems) = preProject
		.editorconfig = .editorconfig
	EndProjectSection
EndProject
Project("{9A19103F-16F7-4668-BE54-9A1E7A4F7556}") = "TomTom.Useful.Messaging.MassTransit", "TomTom.Useful.Messaging.MassTransit\TomTom.Useful.Messaging.MassTransit.csproj", "{29683086-3DA8-47AF-AF11-019F7F264919}"
EndProject
Project("{FAE04EC0-301F-11D3-BF4B-00C04F79EFBC}") = "TomTom.Useful.Messaging.InMemory.Benchmark", "TomTom.Useful.Messaging.InMemory.Benchmark\TomTom.Useful.Messaging.InMemory.Benchmark.csproj", "{7CD4A505-A822-4E1D-AAE9-33C57B5B4899}"
EndProject
Project("{FAE04EC0-301F-11D3-BF4B-00C04F79EFBC}") = "TomTom.Useful.AsyncToSync.Benchmark", "TomTom.Useful.AsyncToSync.Benchmark\TomTom.Useful.AsyncToSync.Benchmark.csproj", "{30DDFA12-231A-42DB-B24B-CB6BA8120356}"
EndProject
Global
	GlobalSection(SolutionConfigurationPlatforms) = preSolution
		Debug|Any CPU = Debug|Any CPU
		Release|Any CPU = Release|Any CPU
	EndGlobalSection
	GlobalSection(ProjectConfigurationPlatforms) = postSolution
		{0EB92898-B792-4EAD-B9B5-E399D284D735}.Debug|Any CPU.ActiveCfg = Debug|Any CPU
		{0EB92898-B792-4EAD-B9B5-E399D284D735}.Debug|Any CPU.Build.0 = Debug|Any CPU
		{0EB92898-B792-4EAD-B9B5-E399D284D735}.Release|Any CPU.ActiveCfg = Release|Any CPU
		{0EB92898-B792-4EAD-B9B5-E399D284D735}.Release|Any CPU.Build.0 = Release|Any CPU
		{C7706513-0A5F-41AD-8160-3739DCAB0210}.Debug|Any CPU.ActiveCfg = Debug|Any CPU
		{C7706513-0A5F-41AD-8160-3739DCAB0210}.Debug|Any CPU.Build.0 = Debug|Any CPU
		{C7706513-0A5F-41AD-8160-3739DCAB0210}.Release|Any CPU.ActiveCfg = Release|Any CPU
		{C7706513-0A5F-41AD-8160-3739DCAB0210}.Release|Any CPU.Build.0 = Release|Any CPU
		{05F77ECA-E61D-4A41-81AD-0C3180C1307F}.Debug|Any CPU.ActiveCfg = Debug|Any CPU
		{05F77ECA-E61D-4A41-81AD-0C3180C1307F}.Debug|Any CPU.Build.0 = Debug|Any CPU
		{05F77ECA-E61D-4A41-81AD-0C3180C1307F}.Release|Any CPU.ActiveCfg = Release|Any CPU
		{05F77ECA-E61D-4A41-81AD-0C3180C1307F}.Release|Any CPU.Build.0 = Release|Any CPU
		{6BE6E0BA-9678-40E0-81F7-9ADCFC5C390F}.Debug|Any CPU.ActiveCfg = Debug|Any CPU
		{6BE6E0BA-9678-40E0-81F7-9ADCFC5C390F}.Debug|Any CPU.Build.0 = Debug|Any CPU
		{6BE6E0BA-9678-40E0-81F7-9ADCFC5C390F}.Release|Any CPU.ActiveCfg = Release|Any CPU
		{6BE6E0BA-9678-40E0-81F7-9ADCFC5C390F}.Release|Any CPU.Build.0 = Release|Any CPU
		{18726159-6973-4B72-85AB-A9C421D2FC30}.Debug|Any CPU.ActiveCfg = Debug|Any CPU
		{18726159-6973-4B72-85AB-A9C421D2FC30}.Debug|Any CPU.Build.0 = Debug|Any CPU
		{18726159-6973-4B72-85AB-A9C421D2FC30}.Release|Any CPU.ActiveCfg = Release|Any CPU
		{18726159-6973-4B72-85AB-A9C421D2FC30}.Release|Any CPU.Build.0 = Release|Any CPU
		{DB9D237D-3E93-4061-9B12-1BCF8473E689}.Debug|Any CPU.ActiveCfg = Debug|Any CPU
		{DB9D237D-3E93-4061-9B12-1BCF8473E689}.Debug|Any CPU.Build.0 = Debug|Any CPU
		{DB9D237D-3E93-4061-9B12-1BCF8473E689}.Release|Any CPU.ActiveCfg = Release|Any CPU
		{DB9D237D-3E93-4061-9B12-1BCF8473E689}.Release|Any CPU.Build.0 = Release|Any CPU
		{41FD7573-6B18-436E-B614-EC5FCBA7BE13}.Debug|Any CPU.ActiveCfg = Debug|Any CPU
		{41FD7573-6B18-436E-B614-EC5FCBA7BE13}.Debug|Any CPU.Build.0 = Debug|Any CPU
		{41FD7573-6B18-436E-B614-EC5FCBA7BE13}.Release|Any CPU.ActiveCfg = Release|Any CPU
		{41FD7573-6B18-436E-B614-EC5FCBA7BE13}.Release|Any CPU.Build.0 = Release|Any CPU
		{DDC1CB52-267A-4582-B358-1E636C7A7BDB}.Debug|Any CPU.ActiveCfg = Debug|Any CPU
		{DDC1CB52-267A-4582-B358-1E636C7A7BDB}.Debug|Any CPU.Build.0 = Debug|Any CPU
		{DDC1CB52-267A-4582-B358-1E636C7A7BDB}.Release|Any CPU.ActiveCfg = Release|Any CPU
		{DDC1CB52-267A-4582-B358-1E636C7A7BDB}.Release|Any CPU.Build.0 = Release|Any CPU
		{2430FAD6-556B-4E52-8602-C577177AB209}.Debug|Any CPU.ActiveCfg = Debug|Any CPU
		{2430FAD6-556B-4E52-8602-C577177AB209}.Debug|Any CPU.Build.0 = Debug|Any CPU
		{2430FAD6-556B-4E52-8602-C577177AB209}.Release|Any CPU.ActiveCfg = Release|Any CPU
		{2430FAD6-556B-4E52-8602-C577177AB209}.Release|Any CPU.Build.0 = Release|Any CPU
		{72DB6E03-563C-4A33-BFBD-40B1772251C1}.Debug|Any CPU.ActiveCfg = Debug|Any CPU
		{72DB6E03-563C-4A33-BFBD-40B1772251C1}.Debug|Any CPU.Build.0 = Debug|Any CPU
		{72DB6E03-563C-4A33-BFBD-40B1772251C1}.Release|Any CPU.ActiveCfg = Release|Any CPU
		{72DB6E03-563C-4A33-BFBD-40B1772251C1}.Release|Any CPU.Build.0 = Release|Any CPU
		{7B896745-066C-4174-968A-9643C8D45A20}.Debug|Any CPU.ActiveCfg = Debug|Any CPU
		{7B896745-066C-4174-968A-9643C8D45A20}.Debug|Any CPU.Build.0 = Debug|Any CPU
		{7B896745-066C-4174-968A-9643C8D45A20}.Release|Any CPU.ActiveCfg = Release|Any CPU
		{7B896745-066C-4174-968A-9643C8D45A20}.Release|Any CPU.Build.0 = Release|Any CPU
		{4E662F51-30CF-4B70-B231-1469325B6184}.Debug|Any CPU.ActiveCfg = Debug|Any CPU
		{4E662F51-30CF-4B70-B231-1469325B6184}.Debug|Any CPU.Build.0 = Debug|Any CPU
		{4E662F51-30CF-4B70-B231-1469325B6184}.Release|Any CPU.ActiveCfg = Release|Any CPU
		{4E662F51-30CF-4B70-B231-1469325B6184}.Release|Any CPU.Build.0 = Release|Any CPU
		{C4F7FAFE-7206-413C-A7E2-001DFA7B5336}.Debug|Any CPU.ActiveCfg = Debug|Any CPU
		{C4F7FAFE-7206-413C-A7E2-001DFA7B5336}.Debug|Any CPU.Build.0 = Debug|Any CPU
		{C4F7FAFE-7206-413C-A7E2-001DFA7B5336}.Release|Any CPU.ActiveCfg = Release|Any CPU
		{C4F7FAFE-7206-413C-A7E2-001DFA7B5336}.Release|Any CPU.Build.0 = Release|Any CPU
		{CE7E95A6-B82B-44AA-81E4-3DB723C18B83}.Debug|Any CPU.ActiveCfg = Debug|Any CPU
		{CE7E95A6-B82B-44AA-81E4-3DB723C18B83}.Debug|Any CPU.Build.0 = Debug|Any CPU
		{CE7E95A6-B82B-44AA-81E4-3DB723C18B83}.Release|Any CPU.ActiveCfg = Release|Any CPU
		{CE7E95A6-B82B-44AA-81E4-3DB723C18B83}.Release|Any CPU.Build.0 = Release|Any CPU
		{54747C7A-6342-416D-BC97-40D7F6A39D46}.Debug|Any CPU.ActiveCfg = Debug|Any CPU
		{54747C7A-6342-416D-BC97-40D7F6A39D46}.Debug|Any CPU.Build.0 = Debug|Any CPU
		{54747C7A-6342-416D-BC97-40D7F6A39D46}.Release|Any CPU.ActiveCfg = Release|Any CPU
		{54747C7A-6342-416D-BC97-40D7F6A39D46}.Release|Any CPU.Build.0 = Release|Any CPU
		{6107A0E6-DCCE-49B4-B59E-DADD49520260}.Debug|Any CPU.ActiveCfg = Debug|Any CPU
		{6107A0E6-DCCE-49B4-B59E-DADD49520260}.Debug|Any CPU.Build.0 = Debug|Any CPU
		{6107A0E6-DCCE-49B4-B59E-DADD49520260}.Release|Any CPU.ActiveCfg = Release|Any CPU
		{6107A0E6-DCCE-49B4-B59E-DADD49520260}.Release|Any CPU.Build.0 = Release|Any CPU
		{C331FF54-4E47-4A08-AD5E-45093E0BBD27}.Debug|Any CPU.ActiveCfg = Debug|Any CPU
		{C331FF54-4E47-4A08-AD5E-45093E0BBD27}.Debug|Any CPU.Build.0 = Debug|Any CPU
		{C331FF54-4E47-4A08-AD5E-45093E0BBD27}.Release|Any CPU.ActiveCfg = Release|Any CPU
		{C331FF54-4E47-4A08-AD5E-45093E0BBD27}.Release|Any CPU.Build.0 = Release|Any CPU
		{54AA0A89-46E1-40EB-A767-615F6A3CDFA9}.Debug|Any CPU.ActiveCfg = Debug|Any CPU
		{54AA0A89-46E1-40EB-A767-615F6A3CDFA9}.Debug|Any CPU.Build.0 = Debug|Any CPU
		{54AA0A89-46E1-40EB-A767-615F6A3CDFA9}.Release|Any CPU.ActiveCfg = Release|Any CPU
		{54AA0A89-46E1-40EB-A767-615F6A3CDFA9}.Release|Any CPU.Build.0 = Release|Any CPU
		{29683086-3DA8-47AF-AF11-019F7F264919}.Debug|Any CPU.ActiveCfg = Debug|Any CPU
		{29683086-3DA8-47AF-AF11-019F7F264919}.Debug|Any CPU.Build.0 = Debug|Any CPU
		{29683086-3DA8-47AF-AF11-019F7F264919}.Release|Any CPU.ActiveCfg = Release|Any CPU
		{29683086-3DA8-47AF-AF11-019F7F264919}.Release|Any CPU.Build.0 = Release|Any CPU
		{7CD4A505-A822-4E1D-AAE9-33C57B5B4899}.Debug|Any CPU.ActiveCfg = Debug|Any CPU
		{7CD4A505-A822-4E1D-AAE9-33C57B5B4899}.Debug|Any CPU.Build.0 = Debug|Any CPU
		{7CD4A505-A822-4E1D-AAE9-33C57B5B4899}.Release|Any CPU.ActiveCfg = Release|Any CPU
		{7CD4A505-A822-4E1D-AAE9-33C57B5B4899}.Release|Any CPU.Build.0 = Release|Any CPU
		{30DDFA12-231A-42DB-B24B-CB6BA8120356}.Debug|Any CPU.ActiveCfg = Debug|Any CPU
		{30DDFA12-231A-42DB-B24B-CB6BA8120356}.Debug|Any CPU.Build.0 = Debug|Any CPU
		{30DDFA12-231A-42DB-B24B-CB6BA8120356}.Release|Any CPU.ActiveCfg = Release|Any CPU
		{30DDFA12-231A-42DB-B24B-CB6BA8120356}.Release|Any CPU.Build.0 = Release|Any CPU
	EndGlobalSection
	GlobalSection(SolutionProperties) = preSolution
		HideSolutionNode = FALSE
	EndGlobalSection
	GlobalSection(NestedProjects) = preSolution
		{0EB92898-B792-4EAD-B9B5-E399D284D735} = {6FF68BC5-3A92-45B9-A5D7-FD0B396EF9A1}
		{C7706513-0A5F-41AD-8160-3739DCAB0210} = {6FF68BC5-3A92-45B9-A5D7-FD0B396EF9A1}
		{05F77ECA-E61D-4A41-81AD-0C3180C1307F} = {38B09567-715F-47AF-B846-8F2FD2BBF3CA}
		{6BE6E0BA-9678-40E0-81F7-9ADCFC5C390F} = {38B09567-715F-47AF-B846-8F2FD2BBF3CA}
		{18726159-6973-4B72-85AB-A9C421D2FC30} = {BD8F331C-6797-49F2-914B-0CB887560EC5}
		{DB9D237D-3E93-4061-9B12-1BCF8473E689} = {BD8F331C-6797-49F2-914B-0CB887560EC5}
		{41FD7573-6B18-436E-B614-EC5FCBA7BE13} = {BD8F331C-6797-49F2-914B-0CB887560EC5}
		{DDC1CB52-267A-4582-B358-1E636C7A7BDB} = {6FF68BC5-3A92-45B9-A5D7-FD0B396EF9A1}
		{2430FAD6-556B-4E52-8602-C577177AB209} = {38B09567-715F-47AF-B846-8F2FD2BBF3CA}
		{72DB6E03-563C-4A33-BFBD-40B1772251C1} = {38B09567-715F-47AF-B846-8F2FD2BBF3CA}
		{7B896745-066C-4174-968A-9643C8D45A20} = {7430205E-D03F-4F95-8834-C4566C15273B}
		{4E662F51-30CF-4B70-B231-1469325B6184} = {7430205E-D03F-4F95-8834-C4566C15273B}
		{C4F7FAFE-7206-413C-A7E2-001DFA7B5336} = {38B09567-715F-47AF-B846-8F2FD2BBF3CA}
		{CE7E95A6-B82B-44AA-81E4-3DB723C18B83} = {980EF417-1354-43EB-AFEA-08BC95224B4F}
		{54747C7A-6342-416D-BC97-40D7F6A39D46} = {980EF417-1354-43EB-AFEA-08BC95224B4F}
		{6107A0E6-DCCE-49B4-B59E-DADD49520260} = {980EF417-1354-43EB-AFEA-08BC95224B4F}
		{C331FF54-4E47-4A08-AD5E-45093E0BBD27} = {980EF417-1354-43EB-AFEA-08BC95224B4F}
		{54AA0A89-46E1-40EB-A767-615F6A3CDFA9} = {38B09567-715F-47AF-B846-8F2FD2BBF3CA}
		{29683086-3DA8-47AF-AF11-019F7F264919} = {980EF417-1354-43EB-AFEA-08BC95224B4F}
		{7CD4A505-A822-4E1D-AAE9-33C57B5B4899} = {38B09567-715F-47AF-B846-8F2FD2BBF3CA}
		{30DDFA12-231A-42DB-B24B-CB6BA8120356} = {38B09567-715F-47AF-B846-8F2FD2BBF3CA}
	EndGlobalSection
	GlobalSection(ExtensibilityGlobals) = postSolution
		SolutionGuid = {D6F75036-E577-490B-AF49-AFAE7765AE93}
	EndGlobalSection
EndGlobal
